
Microsoft Visual Studio Solution File, Format Version 12.00
# Visual Studio Version 17
VisualStudioVersion = 17.7.34031.279
MinimumVisualStudioVersion = 10.0.40219.1
Project("{FAE04EC0-301F-11D3-BF4B-00C04F79EFBC}") = "BoekWinkel", "BoekWinkel.csproj", "{06ED020F-99F8-4E45-B9BC-B56D37A3FA83}"
EndProject
Global
	GlobalSection(SolutionConfigurationPlatforms) = preSolution
		Debug|Any CPU = Debug|Any CPU
		Release|Any CPU = Release|Any CPU
	EndGlobalSection
	GlobalSection(ProjectConfigurationPlatforms) = postSolution
		{06ED020F-99F8-4E45-B9BC-B56D37A3FA83}.Debug|Any CPU.ActiveCfg = Debug|Any CPU
		{06ED020F-99F8-4E45-B9BC-B56D37A3FA83}.Debug|Any CPU.Build.0 = Debug|Any CPU
		{06ED020F-99F8-4E45-B9BC-B56D37A3FA83}.Release|Any CPU.ActiveCfg = Release|Any CPU
		{06ED020F-99F8-4E45-B9BC-B56D37A3FA83}.Release|Any CPU.Build.0 = Release|Any CPU
	EndGlobalSection
	GlobalSection(SolutionProperties) = preSolution
		HideSolutionNode = FALSE
	EndGlobalSection
	GlobalSection(ExtensibilityGlobals) = postSolution
		SolutionGuid = {429D4C14-67B5-4536-A5BA-13DADCCB26A4}
	EndGlobalSection
EndGlobal
